// !$*UTF8*$!
{
	archiveVersion = 1;
	classes = {
	};
	objectVersion = 56;
	objects = {

/* Begin PBXBuildFile section */
		DFB85B2D2A318FF90011C8B3 /* NWSwitchApp.swift in Sources */ = {isa = PBXBuildFile; fileRef = DFB85B2C2A318FF90011C8B3 /* NWSwitchApp.swift */; };
		DFB85B2F2A318FF90011C8B3 /* ContentView.swift in Sources */ = {isa = PBXBuildFile; fileRef = DFB85B2E2A318FF90011C8B3 /* ContentView.swift */; };
		DFB85B312A318FFA0011C8B3 /* Assets.xcassets in Resources */ = {isa = PBXBuildFile; fileRef = DFB85B302A318FFA0011C8B3 /* Assets.xcassets */; };
		DFB85B342A318FFA0011C8B3 /* Preview Assets.xcassets in Resources */ = {isa = PBXBuildFile; fileRef = DFB85B332A318FFA0011C8B3 /* Preview Assets.xcassets */; };
		DFB85B3E2A3190620011C8B3 /* Client.swift in Sources */ = {isa = PBXBuildFile; fileRef = DFB85B3D2A3190620011C8B3 /* Client.swift */; };
		DFB85B402A3191010011C8B3 /* ClientView.swift in Sources */ = {isa = PBXBuildFile; fileRef = DFB85B3F2A3191010011C8B3 /* ClientView.swift */; };
/* End PBXBuildFile section */

/* Begin PBXFileReference section */
		DF2229182A31A3ED00309C68 /* NWSwitch.entitlements */ = {isa = PBXFileReference; lastKnownFileType = text.plist.entitlements; path = NWSwitch.entitlements; sourceTree = "<group>"; };
		DFA8D2DA2A412F8D00F37097 /* nwSwitchIcon.pptx */ = {isa = PBXFileReference; lastKnownFileType = file; path = nwSwitchIcon.pptx; sourceTree = "<group>"; };
		DFB85B292A318FF90011C8B3 /* NWSwitch.app */ = {isa = PBXFileReference; explicitFileType = wrapper.application; includeInIndex = 0; path = NWSwitch.app; sourceTree = BUILT_PRODUCTS_DIR; };
		DFB85B2C2A318FF90011C8B3 /* NWSwitchApp.swift */ = {isa = PBXFileReference; lastKnownFileType = sourcecode.swift; path = NWSwitchApp.swift; sourceTree = "<group>"; };
		DFB85B2E2A318FF90011C8B3 /* ContentView.swift */ = {isa = PBXFileReference; lastKnownFileType = sourcecode.swift; path = ContentView.swift; sourceTree = "<group>"; };
		DFB85B302A318FFA0011C8B3 /* Assets.xcassets */ = {isa = PBXFileReference; lastKnownFileType = folder.assetcatalog; path = Assets.xcassets; sourceTree = "<group>"; };
		DFB85B332A318FFA0011C8B3 /* Preview Assets.xcassets */ = {isa = PBXFileReference; lastKnownFileType = folder.assetcatalog; path = "Preview Assets.xcassets"; sourceTree = "<group>"; };
		DFB85B3D2A3190620011C8B3 /* Client.swift */ = {isa = PBXFileReference; lastKnownFileType = sourcecode.swift; path = Client.swift; sourceTree = "<group>"; };
		DFB85B3F2A3191010011C8B3 /* ClientView.swift */ = {isa = PBXFileReference; lastKnownFileType = sourcecode.swift; path = ClientView.swift; sourceTree = "<group>"; };
/* End PBXFileReference section */

/* Begin PBXFrameworksBuildPhase section */
		DFB85B262A318FF90011C8B3 /* Frameworks */ = {
			isa = PBXFrameworksBuildPhase;
			buildActionMask = 2147483647;
			files = (
			);
			runOnlyForDeploymentPostprocessing = 0;
		};
/* End PBXFrameworksBuildPhase section */

/* Begin PBXGroup section */
		DFA8D2D92A412F4500F37097 /* Resources */ = {
			isa = PBXGroup;
			children = (
				DFA8D2DA2A412F8D00F37097 /* nwSwitchIcon.pptx */,
			);
			path = Resources;
			sourceTree = "<group>";
		};
		DFB85B202A318FF90011C8B3 = {
			isa = PBXGroup;
			children = (
				DFB85B2B2A318FF90011C8B3 /* NWSwitch */,
				DFB85B2A2A318FF90011C8B3 /* Products */,
			);
			sourceTree = "<group>";
		};
		DFB85B2A2A318FF90011C8B3 /* Products */ = {
			isa = PBXGroup;
			children = (
				DFB85B292A318FF90011C8B3 /* NWSwitch.app */,
			);
			name = Products;
			sourceTree = "<group>";
		};
		DFB85B2B2A318FF90011C8B3 /* NWSwitch */ = {
			isa = PBXGroup;
			children = (
				DFB85B3B2A31902D0011C8B3 /* Models */,
				DFB85B3C2A31903A0011C8B3 /* Views */,
				DFA8D2D92A412F4500F37097 /* Resources */,
				DFB85B2C2A318FF90011C8B3 /* NWSwitchApp.swift */,
				DF2229182A31A3ED00309C68 /* NWSwitch.entitlements */,
				DFB85B302A318FFA0011C8B3 /* Assets.xcassets */,
				DFB85B322A318FFA0011C8B3 /* Preview Content */,
			);
			path = NWSwitch;
			sourceTree = "<group>";
		};
		DFB85B322A318FFA0011C8B3 /* Preview Content */ = {
			isa = PBXGroup;
			children = (
				DFB85B332A318FFA0011C8B3 /* Preview Assets.xcassets */,
			);
			path = "Preview Content";
			sourceTree = "<group>";
		};
		DFB85B3B2A31902D0011C8B3 /* Models */ = {
			isa = PBXGroup;
			children = (
				DFB85B3D2A3190620011C8B3 /* Client.swift */,
			);
			path = Models;
			sourceTree = "<group>";
		};
		DFB85B3C2A31903A0011C8B3 /* Views */ = {
			isa = PBXGroup;
			children = (
				DFB85B3F2A3191010011C8B3 /* ClientView.swift */,
				DFB85B2E2A318FF90011C8B3 /* ContentView.swift */,
			);
			path = Views;
			sourceTree = "<group>";
		};
/* End PBXGroup section */

/* Begin PBXNativeTarget section */
		DFB85B282A318FF90011C8B3 /* NWSwitch */ = {
			isa = PBXNativeTarget;
			buildConfigurationList = DFB85B372A318FFA0011C8B3 /* Build configuration list for PBXNativeTarget "NWSwitch" */;
			buildPhases = (
				DFB85B252A318FF90011C8B3 /* Sources */,
				DFB85B262A318FF90011C8B3 /* Frameworks */,
				DFB85B272A318FF90011C8B3 /* Resources */,
			);
			buildRules = (
			);
			dependencies = (
			);
			name = NWSwitch;
			productName = NWSwitch;
			productReference = DFB85B292A318FF90011C8B3 /* NWSwitch.app */;
			productType = "com.apple.product-type.application";
		};
/* End PBXNativeTarget section */

/* Begin PBXProject section */
		DFB85B212A318FF90011C8B3 /* Project object */ = {
			isa = PBXProject;
			attributes = {
				BuildIndependentTargetsInParallel = 1;
				LastSwiftUpdateCheck = 1430;
				LastUpgradeCheck = 1430;
				TargetAttributes = {
					DFB85B282A318FF90011C8B3 = {
						CreatedOnToolsVersion = 14.3.1;
					};
				};
			};
			buildConfigurationList = DFB85B242A318FF90011C8B3 /* Build configuration list for PBXProject "NWSwitch" */;
			compatibilityVersion = "Xcode 14.0";
			developmentRegion = en;
			hasScannedForEncodings = 0;
			knownRegions = (
				en,
				Base,
			);
			mainGroup = DFB85B202A318FF90011C8B3;
			productRefGroup = DFB85B2A2A318FF90011C8B3 /* Products */;
			projectDirPath = "";
			projectRoot = "";
			targets = (
				DFB85B282A318FF90011C8B3 /* NWSwitch */,
			);
		};
/* End PBXProject section */

/* Begin PBXResourcesBuildPhase section */
		DFB85B272A318FF90011C8B3 /* Resources */ = {
			isa = PBXResourcesBuildPhase;
			buildActionMask = 2147483647;
			files = (
				DFB85B342A318FFA0011C8B3 /* Preview Assets.xcassets in Resources */,
				DFB85B312A318FFA0011C8B3 /* Assets.xcassets in Resources */,
			);
			runOnlyForDeploymentPostprocessing = 0;
		};
/* End PBXResourcesBuildPhase section */

/* Begin PBXSourcesBuildPhase section */
		DFB85B252A318FF90011C8B3 /* Sources */ = {
			isa = PBXSourcesBuildPhase;
			buildActionMask = 2147483647;
			files = (
				DFB85B2F2A318FF90011C8B3 /* ContentView.swift in Sources */,
				DFB85B402A3191010011C8B3 /* ClientView.swift in Sources */,
				DFB85B2D2A318FF90011C8B3 /* NWSwitchApp.swift in Sources */,
				DFB85B3E2A3190620011C8B3 /* Client.swift in Sources */,
			);
			runOnlyForDeploymentPostprocessing = 0;
		};
/* End PBXSourcesBuildPhase section */

/* Begin XCBuildConfiguration section */
		DFB85B352A318FFA0011C8B3 /* Debug */ = {
			isa = XCBuildConfiguration;
			buildSettings = {
				ALWAYS_SEARCH_USER_PATHS = NO;
				CLANG_ANALYZER_NONNULL = YES;
				CLANG_ANALYZER_NUMBER_OBJECT_CONVERSION = YES_AGGRESSIVE;
				CLANG_CXX_LANGUAGE_STANDARD = "gnu++20";
				CLANG_ENABLE_MODULES = YES;
				CLANG_ENABLE_OBJC_ARC = YES;
				CLANG_ENABLE_OBJC_WEAK = YES;
				CLANG_WARN_BLOCK_CAPTURE_AUTORELEASING = YES;
				CLANG_WARN_BOOL_CONVERSION = YES;
				CLANG_WARN_COMMA = YES;
				CLANG_WARN_CONSTANT_CONVERSION = YES;
				CLANG_WARN_DEPRECATED_OBJC_IMPLEMENTATIONS = YES;
				CLANG_WARN_DIRECT_OBJC_ISA_USAGE = YES_ERROR;
				CLANG_WARN_DOCUMENTATION_COMMENTS = YES;
				CLANG_WARN_EMPTY_BODY = YES;
				CLANG_WARN_ENUM_CONVERSION = YES;
				CLANG_WARN_INFINITE_RECURSION = YES;
				CLANG_WARN_INT_CONVERSION = YES;
				CLANG_WARN_NON_LITERAL_NULL_CONVERSION = YES;
				CLANG_WARN_OBJC_IMPLICIT_RETAIN_SELF = YES;
				CLANG_WARN_OBJC_LITERAL_CONVERSION = YES;
				CLANG_WARN_OBJC_ROOT_CLASS = YES_ERROR;
				CLANG_WARN_QUOTED_INCLUDE_IN_FRAMEWORK_HEADER = YES;
				CLANG_WARN_RANGE_LOOP_ANALYSIS = YES;
				CLANG_WARN_STRICT_PROTOTYPES = YES;
				CLANG_WARN_SUSPICIOUS_MOVE = YES;
				CLANG_WARN_UNGUARDED_AVAILABILITY = YES_AGGRESSIVE;
				CLANG_WARN_UNREACHABLE_CODE = YES;
				CLANG_WARN__DUPLICATE_METHOD_MATCH = YES;
				COPY_PHASE_STRIP = NO;
				DEBUG_INFORMATION_FORMAT = dwarf;
				ENABLE_STRICT_OBJC_MSGSEND = YES;
				ENABLE_TESTABILITY = YES;
				GCC_C_LANGUAGE_STANDARD = gnu11;
				GCC_DYNAMIC_NO_PIC = NO;
				GCC_NO_COMMON_BLOCKS = YES;
				GCC_OPTIMIZATION_LEVEL = 0;
				GCC_PREPROCESSOR_DEFINITIONS = (
					"DEBUG=1",
					"$(inherited)",
				);
				GCC_WARN_64_TO_32_BIT_CONVERSION = YES;
				GCC_WARN_ABOUT_RETURN_TYPE = YES_ERROR;
				GCC_WARN_UNDECLARED_SELECTOR = YES;
				GCC_WARN_UNINITIALIZED_AUTOS = YES_AGGRESSIVE;
				GCC_WARN_UNUSED_FUNCTION = YES;
				GCC_WARN_UNUSED_VARIABLE = YES;
				IPHONEOS_DEPLOYMENT_TARGET = 16.4;
				MTL_ENABLE_DEBUG_INFO = INCLUDE_SOURCE;
				MTL_FAST_MATH = YES;
				ONLY_ACTIVE_ARCH = YES;
				SDKROOT = iphoneos;
				SWIFT_ACTIVE_COMPILATION_CONDITIONS = DEBUG;
				SWIFT_OPTIMIZATION_LEVEL = "-Onone";
			};
			name = Debug;
		};
		DFB85B362A318FFA0011C8B3 /* Release */ = {
			isa = XCBuildConfiguration;
			buildSettings = {
				ALWAYS_SEARCH_USER_PATHS = NO;
				CLANG_ANALYZER_NONNULL = YES;
				CLANG_ANALYZER_NUMBER_OBJECT_CONVERSION = YES_AGGRESSIVE;
				CLANG_CXX_LANGUAGE_STANDARD = "gnu++20";
				CLANG_ENABLE_MODULES = YES;
				CLANG_ENABLE_OBJC_ARC = YES;
				CLANG_ENABLE_OBJC_WEAK = YES;
				CLANG_WARN_BLOCK_CAPTURE_AUTORELEASING = YES;
				CLANG_WARN_BOOL_CONVERSION = YES;
				CLANG_WARN_COMMA = YES;
				CLANG_WARN_CONSTANT_CONVERSION = YES;
				CLANG_WARN_DEPRECATED_OBJC_IMPLEMENTATIONS = YES;
				CLANG_WARN_DIRECT_OBJC_ISA_USAGE = YES_ERROR;
				CLANG_WARN_DOCUMENTATION_COMMENTS = YES;
				CLANG_WARN_EMPTY_BODY = YES;
				CLANG_WARN_ENUM_CONVERSION = YES;
				CLANG_WARN_INFINITE_RECURSION = YES;
				CLANG_WARN_INT_CONVERSION = YES;
				CLANG_WARN_NON_LITERAL_NULL_CONVERSION = YES;
				CLANG_WARN_OBJC_IMPLICIT_RETAIN_SELF = YES;
				CLANG_WARN_OBJC_LITERAL_CONVERSION = YES;
				CLANG_WARN_OBJC_ROOT_CLASS = YES_ERROR;
				CLANG_WARN_QUOTED_INCLUDE_IN_FRAMEWORK_HEADER = YES;
				CLANG_WARN_RANGE_LOOP_ANALYSIS = YES;
				CLANG_WARN_STRICT_PROTOTYPES = YES;
				CLANG_WARN_SUSPICIOUS_MOVE = YES;
				CLANG_WARN_UNGUARDED_AVAILABILITY = YES_AGGRESSIVE;
				CLANG_WARN_UNREACHABLE_CODE = YES;
				CLANG_WARN__DUPLICATE_METHOD_MATCH = YES;
				COPY_PHASE_STRIP = NO;
				DEBUG_INFORMATION_FORMAT = "dwarf-with-dsym";
				ENABLE_NS_ASSERTIONS = NO;
				ENABLE_STRICT_OBJC_MSGSEND = YES;
				GCC_C_LANGUAGE_STANDARD = gnu11;
				GCC_NO_COMMON_BLOCKS = YES;
				GCC_WARN_64_TO_32_BIT_CONVERSION = YES;
				GCC_WARN_ABOUT_RETURN_TYPE = YES_ERROR;
				GCC_WARN_UNDECLARED_SELECTOR = YES;
				GCC_WARN_UNINITIALIZED_AUTOS = YES_AGGRESSIVE;
				GCC_WARN_UNUSED_FUNCTION = YES;
				GCC_WARN_UNUSED_VARIABLE = YES;
				IPHONEOS_DEPLOYMENT_TARGET = 16.4;
				MTL_ENABLE_DEBUG_INFO = NO;
				MTL_FAST_MATH = YES;
				SDKROOT = iphoneos;
				SWIFT_COMPILATION_MODE = wholemodule;
				SWIFT_OPTIMIZATION_LEVEL = "-O";
				VALIDATE_PRODUCT = YES;
			};
			name = Release;
		};
		DFB85B382A318FFA0011C8B3 /* Debug */ = {
			isa = XCBuildConfiguration;
			buildSettings = {
				ASSETCATALOG_COMPILER_APPICON_NAME = AppIcon;
				ASSETCATALOG_COMPILER_GLOBAL_ACCENT_COLOR_NAME = AccentColor;
				CODE_SIGN_ENTITLEMENTS = NWSwitch/NWSwitch.entitlements;
				CODE_SIGN_STYLE = Automatic;
				CURRENT_PROJECT_VERSION = 1;
				DEVELOPMENT_ASSET_PATHS = "\"NWSwitch/Preview Content\"";
				DEVELOPMENT_TEAM = QJQVABWSZ7;
				ENABLE_PREVIEWS = YES;
				GENERATE_INFOPLIST_FILE = YES;
				INFOPLIST_KEY_NSLocationWhenInUseUsageDescription = "Acessing Wi-Fi network information requires using CoreLocation or NEHotspotConfiguration APIs, or alternatively, having an active VPN or  NEDNSSettingsManager configuration installed. While not collecting any location information, we ask for location authorization to have access to Wi-Fi network's SSID and BSSID. Select \"Allow While Using App\".";
				INFOPLIST_KEY_UIApplicationSceneManifest_Generation = YES;
				INFOPLIST_KEY_UIApplicationSupportsIndirectInputEvents = YES;
				INFOPLIST_KEY_UILaunchScreen_Generation = YES;
				INFOPLIST_KEY_UISupportedInterfaceOrientations_iPad = "UIInterfaceOrientationPortrait UIInterfaceOrientationPortraitUpsideDown UIInterfaceOrientationLandscapeLeft UIInterfaceOrientationLandscapeRight";
				INFOPLIST_KEY_UISupportedInterfaceOrientations_iPhone = "UIInterfaceOrientationPortrait UIInterfaceOrientationLandscapeLeft UIInterfaceOrientationLandscapeRight";
				LD_RUNPATH_SEARCH_PATHS = (
					"$(inherited)",
					"@executable_path/Frameworks",
				);
				MARKETING_VERSION = 1.0;
				PRODUCT_BUNDLE_IDENTIFIER = com.ptorab.nwswitch;
				PRODUCT_NAME = "$(TARGET_NAME)";
				SUPPORTED_PLATFORMS = "iphoneos iphonesimulator macosx";
				SUPPORTS_MACCATALYST = NO;
				SUPPORTS_MAC_DESIGNED_FOR_IPHONE_IPAD = NO;
				SWIFT_EMIT_LOC_STRINGS = YES;
				SWIFT_VERSION = 5.0;
				TARGETED_DEVICE_FAMILY = "1,2";
			};
			name = Debug;
		};
		DFB85B392A318FFA0011C8B3 /* Release */ = {
			isa = XCBuildConfiguration;
			buildSettings = {
				ASSETCATALOG_COMPILER_APPICON_NAME = AppIcon;
				ASSETCATALOG_COMPILER_GLOBAL_ACCENT_COLOR_NAME = AccentColor;
				CODE_SIGN_ENTITLEMENTS = NWSwitch/NWSwitch.entitlements;
				CODE_SIGN_STYLE = Automatic;
				CURRENT_PROJECT_VERSION = 1;
				DEVELOPMENT_ASSET_PATHS = "\"NWSwitch/Preview Content\"";
				DEVELOPMENT_TEAM = QJQVABWSZ7;
				ENABLE_PREVIEWS = YES;
				GENERATE_INFOPLIST_FILE = YES;
				INFOPLIST_KEY_NSLocationWhenInUseUsageDescription = "Acessing Wi-Fi network information requires using CoreLocation or NEHotspotConfiguration APIs, or alternatively, having an active VPN or  NEDNSSettingsManager configuration installed. While not collecting any location information, we ask for location authorization to have access to Wi-Fi network's SSID and BSSID. Select \"Allow While Using App\".";
				INFOPLIST_KEY_UIApplicationSceneManifest_Generation = YES;
				INFOPLIST_KEY_UIApplicationSupportsIndirectInputEvents = YES;
				INFOPLIST_KEY_UILaunchScreen_Generation = YES;
				INFOPLIST_KEY_UISupportedInterfaceOrientations_iPad = "UIInterfaceOrientationPortrait UIInterfaceOrientationPortraitUpsideDown UIInterfaceOrientationLandscapeLeft UIInterfaceOrientationLandscapeRight";
				INFOPLIST_KEY_UISupportedInterfaceOrientations_iPhone = "UIInterfaceOrientationPortrait UIInterfaceOrientationLandscapeLeft UIInterfaceOrientationLandscapeRight";
				LD_RUNPATH_SEARCH_PATHS = (
					"$(inherited)",
					"@executable_path/Frameworks",
				);
				MARKETING_VERSION = 1.0;
				PRODUCT_BUNDLE_IDENTIFIER = com.ptorab.nwswitch;
				PRODUCT_NAME = "$(TARGET_NAME)";
				SUPPORTED_PLATFORMS = "iphoneos iphonesimulator macosx";
				SUPPORTS_MACCATALYST = NO;
				SUPPORTS_MAC_DESIGNED_FOR_IPHONE_IPAD = NO;
				SWIFT_EMIT_LOC_STRINGS = YES;
				SWIFT_VERSION = 5.0;
				TARGETED_DEVICE_FAMILY = "1,2";
			};
			name = Release;
		};
/* End XCBuildConfiguration section */

/* Begin XCConfigurationList section */
		DFB85B242A318FF90011C8B3 /* Build configuration list for PBXProject "NWSwitch" */ = {
			isa = XCConfigurationList;
			buildConfigurations = (
				DFB85B352A318FFA0011C8B3 /* Debug */,
				DFB85B362A318FFA0011C8B3 /* Release */,
			);
			defaultConfigurationIsVisible = 0;
			defaultConfigurationName = Release;
		};
		DFB85B372A318FFA0011C8B3 /* Build configuration list for PBXNativeTarget "NWSwitch" */ = {
			isa = XCConfigurationList;
			buildConfigurations = (
				DFB85B382A318FFA0011C8B3 /* Debug */,
				DFB85B392A318FFA0011C8B3 /* Release */,
			);
			defaultConfigurationIsVisible = 0;
			defaultConfigurationName = Release;
		};
/* End XCConfigurationList section */
	};
	rootObject = DFB85B212A318FF90011C8B3 /* Project object */;
}
